// !$*UTF8*$!
{
	archiveVersion = 1;
	classes = {
	};
	objectVersion = 46;
	objects = {

/* Begin PBXBuildFile section */
		1B0E36BE1835788400E1A35E /* Constants.m in Sources */ = {isa = PBXBuildFile; fileRef = 1B0E36BD1835788400E1A35E /* Constants.m */; };
		1B2265A01835867F005DCA75 /* CCInvitationsTableViewController.m in Sources */ = {isa = PBXBuildFile; fileRef = 1B22659F1835867F005DCA75 /* CCInvitationsTableViewController.m */; };
		1B2265AA18359FA8005DCA75 /* CCMainTabBarController.m in Sources */ = {isa = PBXBuildFile; fileRef = 1B2265A918359FA8005DCA75 /* CCMainTabBarController.m */; };
		1B2265AF1835A565005DCA75 /* CCInvitationDetailViewController.m in Sources */ = {isa = PBXBuildFile; fileRef = 1B2265AE1835A565005DCA75 /* CCInvitationDetailViewController.m */; };
		C8EB3A9D5B754E4D9EA35CCC /* libPods.a in Frameworks */ = {isa = PBXBuildFile; fileRef = D57EF661FF2F43C38EDBCAB1 /* libPods.a */; };
		FD2B2BD0183577BD00294140 /* CCLoginViewController.m in Sources */ = {isa = PBXBuildFile; fileRef = FD2B2BCF183577BD00294140 /* CCLoginViewController.m */; };
		FD2B2BD6183584CF00294140 /* CCFBRequestManager.m in Sources */ = {isa = PBXBuildFile; fileRef = FD2B2BD5183584CF00294140 /* CCFBRequestManager.m */; };
		FDB9F7E218355F6800EACDDC /* Foundation.framework in Frameworks */ = {isa = PBXBuildFile; fileRef = FDB9F7E118355F6800EACDDC /* Foundation.framework */; };
		FDB9F7E418355F6800EACDDC /* CoreGraphics.framework in Frameworks */ = {isa = PBXBuildFile; fileRef = FDB9F7E318355F6800EACDDC /* CoreGraphics.framework */; };
		FDB9F7E618355F6800EACDDC /* UIKit.framework in Frameworks */ = {isa = PBXBuildFile; fileRef = FDB9F7E518355F6800EACDDC /* UIKit.framework */; };
		FDB9F7EC18355F6800EACDDC /* InfoPlist.strings in Resources */ = {isa = PBXBuildFile; fileRef = FDB9F7EA18355F6800EACDDC /* InfoPlist.strings */; };
		FDB9F7EE18355F6800EACDDC /* main.m in Sources */ = {isa = PBXBuildFile; fileRef = FDB9F7ED18355F6800EACDDC /* main.m */; };
		FDB9F7F218355F6800EACDDC /* CCAppDelegate.m in Sources */ = {isa = PBXBuildFile; fileRef = FDB9F7F118355F6800EACDDC /* CCAppDelegate.m */; };
		FDB9F7F518355F6800EACDDC /* Main.storyboard in Resources */ = {isa = PBXBuildFile; fileRef = FDB9F7F318355F6800EACDDC /* Main.storyboard */; };
		FDB9F7FD18355F6800EACDDC /* Images.xcassets in Resources */ = {isa = PBXBuildFile; fileRef = FDB9F7FC18355F6800EACDDC /* Images.xcassets */; };
		FDB9F80418355F6800EACDDC /* XCTest.framework in Frameworks */ = {isa = PBXBuildFile; fileRef = FDB9F80318355F6800EACDDC /* XCTest.framework */; };
		FDB9F80518355F6800EACDDC /* Foundation.framework in Frameworks */ = {isa = PBXBuildFile; fileRef = FDB9F7E118355F6800EACDDC /* Foundation.framework */; };
		FDB9F80618355F6800EACDDC /* UIKit.framework in Frameworks */ = {isa = PBXBuildFile; fileRef = FDB9F7E518355F6800EACDDC /* UIKit.framework */; };
		FDB9F80E18355F6800EACDDC /* InfoPlist.strings in Resources */ = {isa = PBXBuildFile; fileRef = FDB9F80C18355F6800EACDDC /* InfoPlist.strings */; };
		FDB9F81018355F6800EACDDC /* CharityTests.m in Sources */ = {isa = PBXBuildFile; fileRef = FDB9F80F18355F6800EACDDC /* CharityTests.m */; };
		FDD5466E18359DDE005E2D9D /* CCCreateChallengeViewController.m in Sources */ = {isa = PBXBuildFile; fileRef = FDD5466B18359DDE005E2D9D /* CCCreateChallengeViewController.m */; };
		FDD546721835A280005E2D9D /* CCCreateChallenge2ViewController.m in Sources */ = {isa = PBXBuildFile; fileRef = FDD546711835A280005E2D9D /* CCCreateChallenge2ViewController.m */; };
		FDD546751835B140005E2D9D /* CCMakePaymentViewController.m in Sources */ = {isa = PBXBuildFile; fileRef = FDD546741835B140005E2D9D /* CCMakePaymentViewController.m */; };
/* End PBXBuildFile section */

/* Begin PBXContainerItemProxy section */
		FDB9F80718355F6800EACDDC /* PBXContainerItemProxy */ = {
			isa = PBXContainerItemProxy;
			containerPortal = FDB9F7D618355F6800EACDDC /* Project object */;
			proxyType = 1;
			remoteGlobalIDString = FDB9F7DD18355F6800EACDDC;
			remoteInfo = Charity;
		};
/* End PBXContainerItemProxy section */

/* Begin PBXFileReference section */
		1B0E36BC1835788400E1A35E /* Constants.h */ = {isa = PBXFileReference; fileEncoding = 4; lastKnownFileType = sourcecode.c.h; path = Constants.h; sourceTree = "<group>"; };
		1B0E36BD1835788400E1A35E /* Constants.m */ = {isa = PBXFileReference; fileEncoding = 4; lastKnownFileType = sourcecode.c.objc; path = Constants.m; sourceTree = "<group>"; };
		1B22659E1835867F005DCA75 /* CCInvitationsTableViewController.h */ = {isa = PBXFileReference; fileEncoding = 4; lastKnownFileType = sourcecode.c.h; path = CCInvitationsTableViewController.h; sourceTree = "<group>"; };
		1B22659F1835867F005DCA75 /* CCInvitationsTableViewController.m */ = {isa = PBXFileReference; fileEncoding = 4; lastKnownFileType = sourcecode.c.objc; path = CCInvitationsTableViewController.m; sourceTree = "<group>"; };
		1B2265A818359FA8005DCA75 /* CCMainTabBarController.h */ = {isa = PBXFileReference; fileEncoding = 4; lastKnownFileType = sourcecode.c.h; path = CCMainTabBarController.h; sourceTree = "<group>"; };
		1B2265A918359FA8005DCA75 /* CCMainTabBarController.m */ = {isa = PBXFileReference; fileEncoding = 4; lastKnownFileType = sourcecode.c.objc; path = CCMainTabBarController.m; sourceTree = "<group>"; };
		1B2265AD1835A565005DCA75 /* CCInvitationDetailViewController.h */ = {isa = PBXFileReference; fileEncoding = 4; lastKnownFileType = sourcecode.c.h; path = CCInvitationDetailViewController.h; sourceTree = "<group>"; };
		1B2265AE1835A565005DCA75 /* CCInvitationDetailViewController.m */ = {isa = PBXFileReference; fileEncoding = 4; lastKnownFileType = sourcecode.c.objc; path = CCInvitationDetailViewController.m; sourceTree = "<group>"; };
		D57EF661FF2F43C38EDBCAB1 /* libPods.a */ = {isa = PBXFileReference; explicitFileType = archive.ar; includeInIndex = 0; path = libPods.a; sourceTree = BUILT_PRODUCTS_DIR; };
		F9CA710BE8A14935A5152375 /* Pods.xcconfig */ = {isa = PBXFileReference; includeInIndex = 1; lastKnownFileType = text.xcconfig; name = Pods.xcconfig; path = Pods/Pods.xcconfig; sourceTree = "<group>"; };
		FD2B2BCE183577BD00294140 /* CCLoginViewController.h */ = {isa = PBXFileReference; fileEncoding = 4; lastKnownFileType = sourcecode.c.h; path = CCLoginViewController.h; sourceTree = "<group>"; };
		FD2B2BCF183577BD00294140 /* CCLoginViewController.m */ = {isa = PBXFileReference; fileEncoding = 4; lastKnownFileType = sourcecode.c.objc; path = CCLoginViewController.m; sourceTree = "<group>"; };
		FD2B2BD4183584CF00294140 /* CCFBRequestManager.h */ = {isa = PBXFileReference; fileEncoding = 4; lastKnownFileType = sourcecode.c.h; name = CCFBRequestManager.h; path = Charity/CCFBRequestManager.h; sourceTree = "<group>"; };
		FD2B2BD5183584CF00294140 /* CCFBRequestManager.m */ = {isa = PBXFileReference; fileEncoding = 4; lastKnownFileType = sourcecode.c.objc; name = CCFBRequestManager.m; path = Charity/CCFBRequestManager.m; sourceTree = "<group>"; };
		FDB9F7DE18355F6800EACDDC /* Charity.app */ = {isa = PBXFileReference; explicitFileType = wrapper.application; includeInIndex = 0; path = Charity.app; sourceTree = BUILT_PRODUCTS_DIR; };
		FDB9F7E118355F6800EACDDC /* Foundation.framework */ = {isa = PBXFileReference; lastKnownFileType = wrapper.framework; name = Foundation.framework; path = System/Library/Frameworks/Foundation.framework; sourceTree = SDKROOT; };
		FDB9F7E318355F6800EACDDC /* CoreGraphics.framework */ = {isa = PBXFileReference; lastKnownFileType = wrapper.framework; name = CoreGraphics.framework; path = System/Library/Frameworks/CoreGraphics.framework; sourceTree = SDKROOT; };
		FDB9F7E518355F6800EACDDC /* UIKit.framework */ = {isa = PBXFileReference; lastKnownFileType = wrapper.framework; name = UIKit.framework; path = System/Library/Frameworks/UIKit.framework; sourceTree = SDKROOT; };
		FDB9F7E918355F6800EACDDC /* Charity-Info.plist */ = {isa = PBXFileReference; lastKnownFileType = text.plist.xml; path = "Charity-Info.plist"; sourceTree = "<group>"; };
		FDB9F7EB18355F6800EACDDC /* en */ = {isa = PBXFileReference; lastKnownFileType = text.plist.strings; name = en; path = en.lproj/InfoPlist.strings; sourceTree = "<group>"; };
		FDB9F7ED18355F6800EACDDC /* main.m */ = {isa = PBXFileReference; lastKnownFileType = sourcecode.c.objc; path = main.m; sourceTree = "<group>"; };
		FDB9F7EF18355F6800EACDDC /* Charity-Prefix.pch */ = {isa = PBXFileReference; lastKnownFileType = sourcecode.c.h; path = "Charity-Prefix.pch"; sourceTree = "<group>"; };
		FDB9F7F018355F6800EACDDC /* CCAppDelegate.h */ = {isa = PBXFileReference; lastKnownFileType = sourcecode.c.h; path = CCAppDelegate.h; sourceTree = "<group>"; };
		FDB9F7F118355F6800EACDDC /* CCAppDelegate.m */ = {isa = PBXFileReference; lastKnownFileType = sourcecode.c.objc; path = CCAppDelegate.m; sourceTree = "<group>"; };
		FDB9F7F418355F6800EACDDC /* Base */ = {isa = PBXFileReference; lastKnownFileType = file.storyboard; name = Base; path = Base.lproj/Main.storyboard; sourceTree = "<group>"; };
		FDB9F7FC18355F6800EACDDC /* Images.xcassets */ = {isa = PBXFileReference; lastKnownFileType = folder.assetcatalog; path = Images.xcassets; sourceTree = "<group>"; };
		FDB9F80218355F6800EACDDC /* CharityTests.xctest */ = {isa = PBXFileReference; explicitFileType = wrapper.cfbundle; includeInIndex = 0; path = CharityTests.xctest; sourceTree = BUILT_PRODUCTS_DIR; };
		FDB9F80318355F6800EACDDC /* XCTest.framework */ = {isa = PBXFileReference; lastKnownFileType = wrapper.framework; name = XCTest.framework; path = Library/Frameworks/XCTest.framework; sourceTree = DEVELOPER_DIR; };
		FDB9F80B18355F6800EACDDC /* CharityTests-Info.plist */ = {isa = PBXFileReference; lastKnownFileType = text.plist.xml; path = "CharityTests-Info.plist"; sourceTree = "<group>"; };
		FDB9F80D18355F6800EACDDC /* en */ = {isa = PBXFileReference; lastKnownFileType = text.plist.strings; name = en; path = en.lproj/InfoPlist.strings; sourceTree = "<group>"; };
		FDB9F80F18355F6800EACDDC /* CharityTests.m */ = {isa = PBXFileReference; lastKnownFileType = sourcecode.c.objc; path = CharityTests.m; sourceTree = "<group>"; };
		FDD5466A18359DDE005E2D9D /* CCCreateChallengeViewController.h */ = {isa = PBXFileReference; fileEncoding = 4; lastKnownFileType = sourcecode.c.h; path = CCCreateChallengeViewController.h; sourceTree = "<group>"; };
		FDD5466B18359DDE005E2D9D /* CCCreateChallengeViewController.m */ = {isa = PBXFileReference; fileEncoding = 4; lastKnownFileType = sourcecode.c.objc; path = CCCreateChallengeViewController.m; sourceTree = "<group>"; };
		FDD546701835A280005E2D9D /* CCCreateChallenge2ViewController.h */ = {isa = PBXFileReference; fileEncoding = 4; lastKnownFileType = sourcecode.c.h; path = CCCreateChallenge2ViewController.h; sourceTree = "<group>"; };
		FDD546711835A280005E2D9D /* CCCreateChallenge2ViewController.m */ = {isa = PBXFileReference; fileEncoding = 4; lastKnownFileType = sourcecode.c.objc; path = CCCreateChallenge2ViewController.m; sourceTree = "<group>"; };
		FDD546731835B140005E2D9D /* CCMakePaymentViewController.h */ = {isa = PBXFileReference; fileEncoding = 4; lastKnownFileType = sourcecode.c.h; name = CCMakePaymentViewController.h; path = Charity/CCMakePaymentViewController.h; sourceTree = "<group>"; };
		FDD546741835B140005E2D9D /* CCMakePaymentViewController.m */ = {isa = PBXFileReference; fileEncoding = 4; lastKnownFileType = sourcecode.c.objc; name = CCMakePaymentViewController.m; path = Charity/CCMakePaymentViewController.m; sourceTree = "<group>"; };
/* End PBXFileReference section */

/* Begin PBXFrameworksBuildPhase section */
		FDB9F7DB18355F6800EACDDC /* Frameworks */ = {
			isa = PBXFrameworksBuildPhase;
			buildActionMask = 2147483647;
			files = (
				FDB9F7E418355F6800EACDDC /* CoreGraphics.framework in Frameworks */,
				FDB9F7E618355F6800EACDDC /* UIKit.framework in Frameworks */,
				FDB9F7E218355F6800EACDDC /* Foundation.framework in Frameworks */,
				C8EB3A9D5B754E4D9EA35CCC /* libPods.a in Frameworks */,
			);
			runOnlyForDeploymentPostprocessing = 0;
		};
		FDB9F7FF18355F6800EACDDC /* Frameworks */ = {
			isa = PBXFrameworksBuildPhase;
			buildActionMask = 2147483647;
			files = (
				FDB9F80418355F6800EACDDC /* XCTest.framework in Frameworks */,
				FDB9F80618355F6800EACDDC /* UIKit.framework in Frameworks */,
				FDB9F80518355F6800EACDDC /* Foundation.framework in Frameworks */,
			);
			runOnlyForDeploymentPostprocessing = 0;
		};
/* End PBXFrameworksBuildPhase section */

/* Begin PBXGroup section */
		1B2265A718359ED0005DCA75 /* CustomCells */ = {
			isa = PBXGroup;
			children = (
			);
			name = CustomCells;
			sourceTree = "<group>";
		};
		FDB9F7D518355F6800EACDDC = {
			isa = PBXGroup;
			children = (
				FDD546731835B140005E2D9D /* CCMakePaymentViewController.h */,
				FDD546741835B140005E2D9D /* CCMakePaymentViewController.m */,
				FD2B2BD4183584CF00294140 /* CCFBRequestManager.h */,
				FD2B2BD5183584CF00294140 /* CCFBRequestManager.m */,
				FDB9F7E718355F6800EACDDC /* Charity */,
				FDB9F80918355F6800EACDDC /* CharityTests */,
				FDB9F7E018355F6800EACDDC /* Frameworks */,
				FDB9F7DF18355F6800EACDDC /* Products */,
				F9CA710BE8A14935A5152375 /* Pods.xcconfig */,
			);
			sourceTree = "<group>";
		};
		FDB9F7DF18355F6800EACDDC /* Products */ = {
			isa = PBXGroup;
			children = (
				FDB9F7DE18355F6800EACDDC /* Charity.app */,
				FDB9F80218355F6800EACDDC /* CharityTests.xctest */,
			);
			name = Products;
			sourceTree = "<group>";
		};
		FDB9F7E018355F6800EACDDC /* Frameworks */ = {
			isa = PBXGroup;
			children = (
				FDB9F7E118355F6800EACDDC /* Foundation.framework */,
				FDB9F7E318355F6800EACDDC /* CoreGraphics.framework */,
				FDB9F7E518355F6800EACDDC /* UIKit.framework */,
				FDB9F80318355F6800EACDDC /* XCTest.framework */,
				D57EF661FF2F43C38EDBCAB1 /* libPods.a */,
			);
			name = Frameworks;
			sourceTree = "<group>";
		};
		FDB9F7E718355F6800EACDDC /* Charity */ = {
			isa = PBXGroup;
			children = (
				1B2265A718359ED0005DCA75 /* CustomCells */,
				FDD5466A18359DDE005E2D9D /* CCCreateChallengeViewController.h */,
				FDD5466B18359DDE005E2D9D /* CCCreateChallengeViewController.m */,
				FDB9F7F018355F6800EACDDC /* CCAppDelegate.h */,
				FDB9F7F118355F6800EACDDC /* CCAppDelegate.m */,
				FDB9F7F318355F6800EACDDC /* Main.storyboard */,
				FDB9F7FC18355F6800EACDDC /* Images.xcassets */,
				FDB9F7E818355F6800EACDDC /* Supporting Files */,
				FD2B2BCE183577BD00294140 /* CCLoginViewController.h */,
				FD2B2BCF183577BD00294140 /* CCLoginViewController.m */,
				1B0E36BC1835788400E1A35E /* Constants.h */,
				1B0E36BD1835788400E1A35E /* Constants.m */,
				1B22659E1835867F005DCA75 /* CCInvitationsTableViewController.h */,
				1B22659F1835867F005DCA75 /* CCInvitationsTableViewController.m */,
				1B2265A818359FA8005DCA75 /* CCMainTabBarController.h */,
				1B2265A918359FA8005DCA75 /* CCMainTabBarController.m */,
				FDD546701835A280005E2D9D /* CCCreateChallenge2ViewController.h */,
				FDD546711835A280005E2D9D /* CCCreateChallenge2ViewController.m */,
				1B2265AD1835A565005DCA75 /* CCInvitationDetailViewController.h */,
				1B2265AE1835A565005DCA75 /* CCInvitationDetailViewController.m */,
			);
			path = Charity;
			sourceTree = "<group>";
		};
		FDB9F7E818355F6800EACDDC /* Supporting Files */ = {
			isa = PBXGroup;
			children = (
				FDB9F7E918355F6800EACDDC /* Charity-Info.plist */,
				FDB9F7EA18355F6800EACDDC /* InfoPlist.strings */,
				FDB9F7ED18355F6800EACDDC /* main.m */,
				FDB9F7EF18355F6800EACDDC /* Charity-Prefix.pch */,
			);
			name = "Supporting Files";
			sourceTree = "<group>";
		};
		FDB9F80918355F6800EACDDC /* CharityTests */ = {
			isa = PBXGroup;
			children = (
				FDB9F80F18355F6800EACDDC /* CharityTests.m */,
				FDB9F80A18355F6800EACDDC /* Supporting Files */,
			);
			path = CharityTests;
			sourceTree = "<group>";
		};
		FDB9F80A18355F6800EACDDC /* Supporting Files */ = {
			isa = PBXGroup;
			children = (
				FDB9F80B18355F6800EACDDC /* CharityTests-Info.plist */,
				FDB9F80C18355F6800EACDDC /* InfoPlist.strings */,
			);
			name = "Supporting Files";
			sourceTree = "<group>";
		};
/* End PBXGroup section */

/* Begin PBXNativeTarget section */
		FDB9F7DD18355F6800EACDDC /* Charity */ = {
			isa = PBXNativeTarget;
			buildConfigurationList = FDB9F81318355F6800EACDDC /* Build configuration list for PBXNativeTarget "Charity" */;
			buildPhases = (
				B16ADB618A7D4AF1841FF7C6 /* Check Pods Manifest.lock */,
				FDB9F7DA18355F6800EACDDC /* Sources */,
				FDB9F7DB18355F6800EACDDC /* Frameworks */,
				FDB9F7DC18355F6800EACDDC /* Resources */,
				C72020EA7D06433EB2ED6603 /* Copy Pods Resources */,
			);
			buildRules = (
			);
			dependencies = (
			);
			name = Charity;
			productName = Charity;
			productReference = FDB9F7DE18355F6800EACDDC /* Charity.app */;
			productType = "com.apple.product-type.application";
		};
		FDB9F80118355F6800EACDDC /* CharityTests */ = {
			isa = PBXNativeTarget;
			buildConfigurationList = FDB9F81618355F6800EACDDC /* Build configuration list for PBXNativeTarget "CharityTests" */;
			buildPhases = (
				FDB9F7FE18355F6800EACDDC /* Sources */,
				FDB9F7FF18355F6800EACDDC /* Frameworks */,
				FDB9F80018355F6800EACDDC /* Resources */,
			);
			buildRules = (
			);
			dependencies = (
				FDB9F80818355F6800EACDDC /* PBXTargetDependency */,
			);
			name = CharityTests;
			productName = CharityTests;
			productReference = FDB9F80218355F6800EACDDC /* CharityTests.xctest */;
			productType = "com.apple.product-type.bundle.unit-test";
		};
/* End PBXNativeTarget section */

/* Begin PBXProject section */
		FDB9F7D618355F6800EACDDC /* Project object */ = {
			isa = PBXProject;
			attributes = {
				CLASSPREFIX = CC;
				LastUpgradeCheck = 0500;
				ORGANIZATIONNAME = CharityChallenge;
				TargetAttributes = {
					FDB9F80118355F6800EACDDC = {
						TestTargetID = FDB9F7DD18355F6800EACDDC;
					};
				};
			};
			buildConfigurationList = FDB9F7D918355F6800EACDDC /* Build configuration list for PBXProject "Charity" */;
			compatibilityVersion = "Xcode 3.2";
			developmentRegion = English;
			hasScannedForEncodings = 0;
			knownRegions = (
				en,
				Base,
			);
			mainGroup = FDB9F7D518355F6800EACDDC;
			productRefGroup = FDB9F7DF18355F6800EACDDC /* Products */;
			projectDirPath = "";
			projectRoot = "";
			targets = (
				FDB9F7DD18355F6800EACDDC /* Charity */,
				FDB9F80118355F6800EACDDC /* CharityTests */,
			);
		};
/* End PBXProject section */

/* Begin PBXResourcesBuildPhase section */
		FDB9F7DC18355F6800EACDDC /* Resources */ = {
			isa = PBXResourcesBuildPhase;
			buildActionMask = 2147483647;
			files = (
				FDB9F7FD18355F6800EACDDC /* Images.xcassets in Resources */,
				FDB9F7EC18355F6800EACDDC /* InfoPlist.strings in Resources */,
				FDB9F7F518355F6800EACDDC /* Main.storyboard in Resources */,
			);
			runOnlyForDeploymentPostprocessing = 0;
		};
		FDB9F80018355F6800EACDDC /* Resources */ = {
			isa = PBXResourcesBuildPhase;
			buildActionMask = 2147483647;
			files = (
				FDB9F80E18355F6800EACDDC /* InfoPlist.strings in Resources */,
			);
			runOnlyForDeploymentPostprocessing = 0;
		};
/* End PBXResourcesBuildPhase section */

/* Begin PBXShellScriptBuildPhase section */
		B16ADB618A7D4AF1841FF7C6 /* Check Pods Manifest.lock */ = {
			isa = PBXShellScriptBuildPhase;
			buildActionMask = 2147483647;
			files = (
			);
			inputPaths = (
			);
			name = "Check Pods Manifest.lock";
			outputPaths = (
			);
			runOnlyForDeploymentPostprocessing = 0;
			shellPath = /bin/sh;
			shellScript = "diff \"${PODS_ROOT}/../Podfile.lock\" \"${PODS_ROOT}/Manifest.lock\" > /dev/null\nif [[ $? != 0 ]] ; then\n    cat << EOM\nerror: The sandbox is not in sync with the Podfile.lock. Run 'pod install' or update your CocoaPods installation.\nEOM\n    exit 1\nfi\n";
			showEnvVarsInLog = 0;
		};
		C72020EA7D06433EB2ED6603 /* Copy Pods Resources */ = {
			isa = PBXShellScriptBuildPhase;
			buildActionMask = 2147483647;
			files = (
			);
			inputPaths = (
			);
			name = "Copy Pods Resources";
			outputPaths = (
			);
			runOnlyForDeploymentPostprocessing = 0;
			shellPath = /bin/sh;
			shellScript = "\"${SRCROOT}/Pods/Pods-resources.sh\"\n";
			showEnvVarsInLog = 0;
		};
/* End PBXShellScriptBuildPhase section */

/* Begin PBXSourcesBuildPhase section */
		FDB9F7DA18355F6800EACDDC /* Sources */ = {
			isa = PBXSourcesBuildPhase;
			buildActionMask = 2147483647;
			files = (
				FDD5466E18359DDE005E2D9D /* CCCreateChallengeViewController.m in Sources */,
				1B0E36BE1835788400E1A35E /* Constants.m in Sources */,
				1B2265AF1835A565005DCA75 /* CCInvitationDetailViewController.m in Sources */,
				FD2B2BD6183584CF00294140 /* CCFBRequestManager.m in Sources */,
				FDD546751835B140005E2D9D /* CCMakePaymentViewController.m in Sources */,
				FDD546721835A280005E2D9D /* CCCreateChallenge2ViewController.m in Sources */,
				1B2265A01835867F005DCA75 /* CCInvitationsTableViewController.m in Sources */,
				FD2B2BD0183577BD00294140 /* CCLoginViewController.m in Sources */,
				FDB9F7F218355F6800EACDDC /* CCAppDelegate.m in Sources */,
				1B2265AA18359FA8005DCA75 /* CCMainTabBarController.m in Sources */,
				FDB9F7EE18355F6800EACDDC /* main.m in Sources */,
			);
			runOnlyForDeploymentPostprocessing = 0;
		};
		FDB9F7FE18355F6800EACDDC /* Sources */ = {
			isa = PBXSourcesBuildPhase;
			buildActionMask = 2147483647;
			files = (
				FDB9F81018355F6800EACDDC /* CharityTests.m in Sources */,
			);
			runOnlyForDeploymentPostprocessing = 0;
		};
/* End PBXSourcesBuildPhase section */

/* Begin PBXTargetDependency section */
		FDB9F80818355F6800EACDDC /* PBXTargetDependency */ = {
			isa = PBXTargetDependency;
			target = FDB9F7DD18355F6800EACDDC /* Charity */;
			targetProxy = FDB9F80718355F6800EACDDC /* PBXContainerItemProxy */;
		};
/* End PBXTargetDependency section */

/* Begin PBXVariantGroup section */
		FDB9F7EA18355F6800EACDDC /* InfoPlist.strings */ = {
			isa = PBXVariantGroup;
			children = (
				FDB9F7EB18355F6800EACDDC /* en */,
			);
			name = InfoPlist.strings;
			sourceTree = "<group>";
		};
		FDB9F7F318355F6800EACDDC /* Main.storyboard */ = {
			isa = PBXVariantGroup;
			children = (
				FDB9F7F418355F6800EACDDC /* Base */,
			);
			name = Main.storyboard;
			sourceTree = "<group>";
		};
		FDB9F80C18355F6800EACDDC /* InfoPlist.strings */ = {
			isa = PBXVariantGroup;
			children = (
				FDB9F80D18355F6800EACDDC /* en */,
			);
			name = InfoPlist.strings;
			sourceTree = "<group>";
		};
/* End PBXVariantGroup section */

/* Begin XCBuildConfiguration section */
		FDB9F81118355F6800EACDDC /* Debug */ = {
			isa = XCBuildConfiguration;
			buildSettings = {
				ALWAYS_SEARCH_USER_PATHS = NO;
				ARCHS = "$(ARCHS_STANDARD_INCLUDING_64_BIT)";
				CLANG_CXX_LANGUAGE_STANDARD = "gnu++0x";
				CLANG_CXX_LIBRARY = "libc++";
				CLANG_ENABLE_MODULES = YES;
				CLANG_ENABLE_OBJC_ARC = YES;
				CLANG_WARN_BOOL_CONVERSION = YES;
				CLANG_WARN_CONSTANT_CONVERSION = YES;
				CLANG_WARN_DIRECT_OBJC_ISA_USAGE = YES_ERROR;
				CLANG_WARN_EMPTY_BODY = YES;
				CLANG_WARN_ENUM_CONVERSION = YES;
				CLANG_WARN_INT_CONVERSION = YES;
				CLANG_WARN_OBJC_ROOT_CLASS = YES_ERROR;
				CLANG_WARN__DUPLICATE_METHOD_MATCH = YES;
				"CODE_SIGN_IDENTITY[sdk=iphoneos*]" = "iPhone Developer";
				COPY_PHASE_STRIP = NO;
				GCC_C_LANGUAGE_STANDARD = gnu99;
				GCC_DYNAMIC_NO_PIC = NO;
				GCC_OPTIMIZATION_LEVEL = 0;
				GCC_PREPROCESSOR_DEFINITIONS = (
					"DEBUG=1",
					"$(inherited)",
				);
				GCC_SYMBOLS_PRIVATE_EXTERN = NO;
				GCC_WARN_64_TO_32_BIT_CONVERSION = YES;
				GCC_WARN_ABOUT_RETURN_TYPE = YES_ERROR;
				GCC_WARN_UNDECLARED_SELECTOR = YES;
				GCC_WARN_UNINITIALIZED_AUTOS = YES;
				GCC_WARN_UNUSED_FUNCTION = YES;
				GCC_WARN_UNUSED_VARIABLE = YES;
				IPHONEOS_DEPLOYMENT_TARGET = 7.0;
				ONLY_ACTIVE_ARCH = YES;
				SDKROOT = iphoneos;
			};
			name = Debug;
		};
		FDB9F81218355F6800EACDDC /* Release */ = {
			isa = XCBuildConfiguration;
			buildSettings = {
				ALWAYS_SEARCH_USER_PATHS = NO;
				ARCHS = "$(ARCHS_STANDARD_INCLUDING_64_BIT)";
				CLANG_CXX_LANGUAGE_STANDARD = "gnu++0x";
				CLANG_CXX_LIBRARY = "libc++";
				CLANG_ENABLE_MODULES = YES;
				CLANG_ENABLE_OBJC_ARC = YES;
				CLANG_WARN_BOOL_CONVERSION = YES;
				CLANG_WARN_CONSTANT_CONVERSION = YES;
				CLANG_WARN_DIRECT_OBJC_ISA_USAGE = YES_ERROR;
				CLANG_WARN_EMPTY_BODY = YES;
				CLANG_WARN_ENUM_CONVERSION = YES;
				CLANG_WARN_INT_CONVERSION = YES;
				CLANG_WARN_OBJC_ROOT_CLASS = YES_ERROR;
				CLANG_WARN__DUPLICATE_METHOD_MATCH = YES;
				"CODE_SIGN_IDENTITY[sdk=iphoneos*]" = "iPhone Developer";
				COPY_PHASE_STRIP = YES;
				ENABLE_NS_ASSERTIONS = NO;
				GCC_C_LANGUAGE_STANDARD = gnu99;
				GCC_WARN_64_TO_32_BIT_CONVERSION = YES;
				GCC_WARN_ABOUT_RETURN_TYPE = YES_ERROR;
				GCC_WARN_UNDECLARED_SELECTOR = YES;
				GCC_WARN_UNINITIALIZED_AUTOS = YES;
				GCC_WARN_UNUSED_FUNCTION = YES;
				GCC_WARN_UNUSED_VARIABLE = YES;
				IPHONEOS_DEPLOYMENT_TARGET = 7.0;
				SDKROOT = iphoneos;
				VALIDATE_PRODUCT = YES;
			};
			name = Release;
		};
		FDB9F81418355F6800EACDDC /* Debug */ = {
			isa = XCBuildConfiguration;
			baseConfigurationReference = F9CA710BE8A14935A5152375 /* Pods.xcconfig */;
			buildSettings = {
				ASSETCATALOG_COMPILER_APPICON_NAME = AppIcon;
				ASSETCATALOG_COMPILER_LAUNCHIMAGE_NAME = LaunchImage;
				GCC_PRECOMPILE_PREFIX_HEADER = YES;
				GCC_PREFIX_HEADER = "Charity/Charity-Prefix.pch";
				INFOPLIST_FILE = "Charity/Charity-Info.plist";
				PRODUCT_NAME = "$(TARGET_NAME)";
				WRAPPER_EXTENSION = app;
			};
			name = Debug;
		};
		FDB9F81518355F6800EACDDC /* Release */ = {
			isa = XCBuildConfiguration;
			baseConfigurationReference = F9CA710BE8A14935A5152375 /* Pods.xcconfig */;
			buildSettings = {
				ASSETCATALOG_COMPILER_APPICON_NAME = AppIcon;
				ASSETCATALOG_COMPILER_LAUNCHIMAGE_NAME = LaunchImage;
				GCC_PRECOMPILE_PREFIX_HEADER = YES;
				GCC_PREFIX_HEADER = "Charity/Charity-Prefix.pch";
				INFOPLIST_FILE = "Charity/Charity-Info.plist";
				PRODUCT_NAME = "$(TARGET_NAME)";
				WRAPPER_EXTENSION = app;
			};
			name = Release;
		};
		FDB9F81718355F6800EACDDC /* Debug */ = {
			isa = XCBuildConfiguration;
			buildSettings = {
				ARCHS = "$(ARCHS_STANDARD_INCLUDING_64_BIT)";
				BUNDLE_LOADER = "$(BUILT_PRODUCTS_DIR)/Charity.app/Charity";
				FRAMEWORK_SEARCH_PATHS = (
					"$(SDKROOT)/Developer/Library/Frameworks",
					"$(inherited)",
					"$(DEVELOPER_FRAMEWORKS_DIR)",
				);
				GCC_PRECOMPILE_PREFIX_HEADER = YES;
				GCC_PREFIX_HEADER = "Charity/Charity-Prefix.pch";
				GCC_PREPROCESSOR_DEFINITIONS = (
					"DEBUG=1",
					"$(inherited)",
				);
				INFOPLIST_FILE = "CharityTests/CharityTests-Info.plist";
				PRODUCT_NAME = "$(TARGET_NAME)";
				TEST_HOST = "$(BUNDLE_LOADER)";
				WRAPPER_EXTENSION = xctest;
			};
			name = Debug;
		};
		FDB9F81818355F6800EACDDC /* Release */ = {
			isa = XCBuildConfiguration;
			buildSettings = {
				ARCHS = "$(ARCHS_STANDARD_INCLUDING_64_BIT)";
				BUNDLE_LOADER = "$(BUILT_PRODUCTS_DIR)/Charity.app/Charity";
				FRAMEWORK_SEARCH_PATHS = (
					"$(SDKROOT)/Developer/Library/Frameworks",
					"$(inherited)",
					"$(DEVELOPER_FRAMEWORKS_DIR)",
				);
				GCC_PRECOMPILE_PREFIX_HEADER = YES;
				GCC_PREFIX_HEADER = "Charity/Charity-Prefix.pch";
				INFOPLIST_FILE = "CharityTests/CharityTests-Info.plist";
				PRODUCT_NAME = "$(TARGET_NAME)";
				TEST_HOST = "$(BUNDLE_LOADER)";
				WRAPPER_EXTENSION = xctest;
			};
			name = Release;
		};
/* End XCBuildConfiguration section */

/* Begin XCConfigurationList section */
		FDB9F7D918355F6800EACDDC /* Build configuration list for PBXProject "Charity" */ = {
			isa = XCConfigurationList;
			buildConfigurations = (
				FDB9F81118355F6800EACDDC /* Debug */,
				FDB9F81218355F6800EACDDC /* Release */,
			);
			defaultConfigurationIsVisible = 0;
			defaultConfigurationName = Release;
		};
		FDB9F81318355F6800EACDDC /* Build configuration list for PBXNativeTarget "Charity" */ = {
			isa = XCConfigurationList;
			buildConfigurations = (
				FDB9F81418355F6800EACDDC /* Debug */,
				FDB9F81518355F6800EACDDC /* Release */,
			);
			defaultConfigurationIsVisible = 0;
			defaultConfigurationName = Release;
		};
		FDB9F81618355F6800EACDDC /* Build configuration list for PBXNativeTarget "CharityTests" */ = {
			isa = XCConfigurationList;
			buildConfigurations = (
				FDB9F81718355F6800EACDDC /* Debug */,
				FDB9F81818355F6800EACDDC /* Release */,
			);
			defaultConfigurationIsVisible = 0;
			defaultConfigurationName = Release;
		};
/* End XCConfigurationList section */
	};
	rootObject = FDB9F7D618355F6800EACDDC /* Project object */;
}
